// !$*UTF8*$!
{
	archiveVersion = 1;
	classes = {
	};
	objectVersion = 46;
	objects = {

/* Begin PBXBuildFile section */
		E71280A21ADB75AB003ACF27 /* main.m in Sources */ = {isa = PBXBuildFile; fileRef = E71280A11ADB75AB003ACF27 /* main.m */; };
		E71280A51ADB75AB003ACF27 /* AppDelegate.m in Sources */ = {isa = PBXBuildFile; fileRef = E71280A41ADB75AB003ACF27 /* AppDelegate.m */; };
		E71280A81ADB75AB003ACF27 /* ViewController.m in Sources */ = {isa = PBXBuildFile; fileRef = E71280A71ADB75AB003ACF27 /* ViewController.m */; };
		E71280AB1ADB75AB003ACF27 /* Main.storyboard in Resources */ = {isa = PBXBuildFile; fileRef = E71280A91ADB75AB003ACF27 /* Main.storyboard */; };
		E71280AD1ADB75AB003ACF27 /* Images.xcassets in Resources */ = {isa = PBXBuildFile; fileRef = E71280AC1ADB75AB003ACF27 /* Images.xcassets */; };
		E71280B01ADB75AB003ACF27 /* LaunchScreen.xib in Resources */ = {isa = PBXBuildFile; fileRef = E71280AE1ADB75AB003ACF27 /* LaunchScreen.xib */; };
		E71280BC1ADB75AC003ACF27 /* MaimaiDemoTests.m in Sources */ = {isa = PBXBuildFile; fileRef = E71280BB1ADB75AC003ACF27 /* MaimaiDemoTests.m */; };
		E71280CA1ADB75D8003ACF27 /* STTweetLabel.m in Sources */ = {isa = PBXBuildFile; fileRef = E71280C71ADB75D8003ACF27 /* STTweetLabel.m */; };
		E71280CB1ADB75D8003ACF27 /* STTweetTextStorage.m in Sources */ = {isa = PBXBuildFile; fileRef = E71280C91ADB75D8003ACF27 /* STTweetTextStorage.m */; };
		E71280CF1ADB7692003ACF27 /* HomeViewController.m in Sources */ = {isa = PBXBuildFile; fileRef = E71280CD1ADB7692003ACF27 /* HomeViewController.m */; };
		E71280D01ADB7692003ACF27 /* HomeViewController.xib in Resources */ = {isa = PBXBuildFile; fileRef = E71280CE1ADB7692003ACF27 /* HomeViewController.xib */; };
/* End PBXBuildFile section */

/* Begin PBXContainerItemProxy section */
		E71280B61ADB75AC003ACF27 /* PBXContainerItemProxy */ = {
			isa = PBXContainerItemProxy;
			containerPortal = E71280941ADB75AB003ACF27 /* Project object */;
			proxyType = 1;
			remoteGlobalIDString = E712809B1ADB75AB003ACF27;
			remoteInfo = MaimaiDemo;
		};
/* End PBXContainerItemProxy section */

/* Begin PBXFileReference section */
		E712809C1ADB75AB003ACF27 /* MaimaiDemo.app */ = {isa = PBXFileReference; explicitFileType = wrapper.application; includeInIndex = 0; path = MaimaiDemo.app; sourceTree = BUILT_PRODUCTS_DIR; };
		E71280A01ADB75AB003ACF27 /* Info.plist */ = {isa = PBXFileReference; lastKnownFileType = text.plist.xml; path = Info.plist; sourceTree = "<group>"; };
		E71280A11ADB75AB003ACF27 /* main.m */ = {isa = PBXFileReference; lastKnownFileType = sourcecode.c.objc; path = main.m; sourceTree = "<group>"; };
		E71280A31ADB75AB003ACF27 /* AppDelegate.h */ = {isa = PBXFileReference; lastKnownFileType = sourcecode.c.h; path = AppDelegate.h; sourceTree = "<group>"; };
		E71280A41ADB75AB003ACF27 /* AppDelegate.m */ = {isa = PBXFileReference; lastKnownFileType = sourcecode.c.objc; path = AppDelegate.m; sourceTree = "<group>"; };
		E71280A61ADB75AB003ACF27 /* ViewController.h */ = {isa = PBXFileReference; lastKnownFileType = sourcecode.c.h; path = ViewController.h; sourceTree = "<group>"; };
		E71280A71ADB75AB003ACF27 /* ViewController.m */ = {isa = PBXFileReference; lastKnownFileType = sourcecode.c.objc; path = ViewController.m; sourceTree = "<group>"; };
		E71280AA1ADB75AB003ACF27 /* Base */ = {isa = PBXFileReference; lastKnownFileType = file.storyboard; name = Base; path = Base.lproj/Main.storyboard; sourceTree = "<group>"; };
		E71280AC1ADB75AB003ACF27 /* Images.xcassets */ = {isa = PBXFileReference; lastKnownFileType = folder.assetcatalog; path = Images.xcassets; sourceTree = "<group>"; };
		E71280AF1ADB75AB003ACF27 /* Base */ = {isa = PBXFileReference; lastKnownFileType = file.xib; name = Base; path = Base.lproj/LaunchScreen.xib; sourceTree = "<group>"; };
		E71280B51ADB75AC003ACF27 /* MaimaiDemoTests.xctest */ = {isa = PBXFileReference; explicitFileType = wrapper.cfbundle; includeInIndex = 0; path = MaimaiDemoTests.xctest; sourceTree = BUILT_PRODUCTS_DIR; };
		E71280BA1ADB75AC003ACF27 /* Info.plist */ = {isa = PBXFileReference; lastKnownFileType = text.plist.xml; path = Info.plist; sourceTree = "<group>"; };
		E71280BB1ADB75AC003ACF27 /* MaimaiDemoTests.m */ = {isa = PBXFileReference; lastKnownFileType = sourcecode.c.objc; path = MaimaiDemoTests.m; sourceTree = "<group>"; };
		E71280C61ADB75D8003ACF27 /* STTweetLabel.h */ = {isa = PBXFileReference; fileEncoding = 4; lastKnownFileType = sourcecode.c.h; path = STTweetLabel.h; sourceTree = "<group>"; };
		E71280C71ADB75D8003ACF27 /* STTweetLabel.m */ = {isa = PBXFileReference; fileEncoding = 4; lastKnownFileType = sourcecode.c.objc; path = STTweetLabel.m; sourceTree = "<group>"; };
		E71280C81ADB75D8003ACF27 /* STTweetTextStorage.h */ = {isa = PBXFileReference; fileEncoding = 4; lastKnownFileType = sourcecode.c.h; path = STTweetTextStorage.h; sourceTree = "<group>"; };
		E71280C91ADB75D8003ACF27 /* STTweetTextStorage.m */ = {isa = PBXFileReference; fileEncoding = 4; lastKnownFileType = sourcecode.c.objc; path = STTweetTextStorage.m; sourceTree = "<group>"; };
		E71280CC1ADB7692003ACF27 /* HomeViewController.h */ = {isa = PBXFileReference; fileEncoding = 4; lastKnownFileType = sourcecode.c.h; path = HomeViewController.h; sourceTree = "<group>"; };
		E71280CD1ADB7692003ACF27 /* HomeViewController.m */ = {isa = PBXFileReference; fileEncoding = 4; lastKnownFileType = sourcecode.c.objc; path = HomeViewController.m; sourceTree = "<group>"; };
		E71280CE1ADB7692003ACF27 /* HomeViewController.xib */ = {isa = PBXFileReference; fileEncoding = 4; lastKnownFileType = file.xib; path = HomeViewController.xib; sourceTree = "<group>"; };
/* End PBXFileReference section */

/* Begin PBXFrameworksBuildPhase section */
		E71280991ADB75AB003ACF27 /* Frameworks */ = {
			isa = PBXFrameworksBuildPhase;
			buildActionMask = 2147483647;
			files = (
			);
			runOnlyForDeploymentPostprocessing = 0;
		};
		E71280B21ADB75AC003ACF27 /* Frameworks */ = {
			isa = PBXFrameworksBuildPhase;
			buildActionMask = 2147483647;
			files = (
			);
			runOnlyForDeploymentPostprocessing = 0;
		};
/* End PBXFrameworksBuildPhase section */

/* Begin PBXGroup section */
		E71280931ADB75AB003ACF27 = {
			isa = PBXGroup;
			children = (
				E712809E1ADB75AB003ACF27 /* MaimaiDemo */,
				E71280B81ADB75AC003ACF27 /* MaimaiDemoTests */,
				E712809D1ADB75AB003ACF27 /* Products */,
			);
			sourceTree = "<group>";
		};
		E712809D1ADB75AB003ACF27 /* Products */ = {
			isa = PBXGroup;
			children = (
				E712809C1ADB75AB003ACF27 /* MaimaiDemo.app */,
				E71280B51ADB75AC003ACF27 /* MaimaiDemoTests.xctest */,
			);
			name = Products;
			sourceTree = "<group>";
		};
		E712809E1ADB75AB003ACF27 /* MaimaiDemo */ = {
			isa = PBXGroup;
			children = (
				E71280C51ADB75D8003ACF27 /* STTweetLabel */,
				E71280A31ADB75AB003ACF27 /* AppDelegate.h */,
				E71280A41ADB75AB003ACF27 /* AppDelegate.m */,
				E71280CC1ADB7692003ACF27 /* HomeViewController.h */,
				E71280CD1ADB7692003ACF27 /* HomeViewController.m */,
				E71280CE1ADB7692003ACF27 /* HomeViewController.xib */,
				E71280A61ADB75AB003ACF27 /* ViewController.h */,
				E71280A71ADB75AB003ACF27 /* ViewController.m */,
				E71280A91ADB75AB003ACF27 /* Main.storyboard */,
				E71280AC1ADB75AB003ACF27 /* Images.xcassets */,
				E71280AE1ADB75AB003ACF27 /* LaunchScreen.xib */,
				E712809F1ADB75AB003ACF27 /* Supporting Files */,
			);
			path = MaimaiDemo;
			sourceTree = "<group>";
		};
		E712809F1ADB75AB003ACF27 /* Supporting Files */ = {
			isa = PBXGroup;
			children = (
				E71280A01ADB75AB003ACF27 /* Info.plist */,
				E71280A11ADB75AB003ACF27 /* main.m */,
			);
			name = "Supporting Files";
			sourceTree = "<group>";
		};
		E71280B81ADB75AC003ACF27 /* MaimaiDemoTests */ = {
			isa = PBXGroup;
			children = (
				E71280BB1ADB75AC003ACF27 /* MaimaiDemoTests.m */,
				E71280B91ADB75AC003ACF27 /* Supporting Files */,
			);
			path = MaimaiDemoTests;
			sourceTree = "<group>";
		};
		E71280B91ADB75AC003ACF27 /* Supporting Files */ = {
			isa = PBXGroup;
			children = (
				E71280BA1ADB75AC003ACF27 /* Info.plist */,
			);
			name = "Supporting Files";
			sourceTree = "<group>";
		};
		E71280C51ADB75D8003ACF27 /* STTweetLabel */ = {
			isa = PBXGroup;
			children = (
				E71280C61ADB75D8003ACF27 /* STTweetLabel.h */,
				E71280C71ADB75D8003ACF27 /* STTweetLabel.m */,
				E71280C81ADB75D8003ACF27 /* STTweetTextStorage.h */,
				E71280C91ADB75D8003ACF27 /* STTweetTextStorage.m */,
			);
			path = STTweetLabel;
			sourceTree = "<group>";
		};
/* End PBXGroup section */

/* Begin PBXNativeTarget section */
		E712809B1ADB75AB003ACF27 /* MaimaiDemo */ = {
			isa = PBXNativeTarget;
			buildConfigurationList = E71280BF1ADB75AC003ACF27 /* Build configuration list for PBXNativeTarget "MaimaiDemo" */;
			buildPhases = (
				E71280981ADB75AB003ACF27 /* Sources */,
				E71280991ADB75AB003ACF27 /* Frameworks */,
				E712809A1ADB75AB003ACF27 /* Resources */,
			);
			buildRules = (
			);
			dependencies = (
			);
			name = MaimaiDemo;
			productName = MaimaiDemo;
			productReference = E712809C1ADB75AB003ACF27 /* MaimaiDemo.app */;
			productType = "com.apple.product-type.application";
		};
		E71280B41ADB75AC003ACF27 /* MaimaiDemoTests */ = {
			isa = PBXNativeTarget;
			buildConfigurationList = E71280C21ADB75AC003ACF27 /* Build configuration list for PBXNativeTarget "MaimaiDemoTests" */;
			buildPhases = (
				E71280B11ADB75AC003ACF27 /* Sources */,
				E71280B21ADB75AC003ACF27 /* Frameworks */,
				E71280B31ADB75AC003ACF27 /* Resources */,
			);
			buildRules = (
			);
			dependencies = (
				E71280B71ADB75AC003ACF27 /* PBXTargetDependency */,
			);
			name = MaimaiDemoTests;
			productName = MaimaiDemoTests;
			productReference = E71280B51ADB75AC003ACF27 /* MaimaiDemoTests.xctest */;
			productType = "com.apple.product-type.bundle.unit-test";
		};
/* End PBXNativeTarget section */

/* Begin PBXProject section */
		E71280941ADB75AB003ACF27 /* Project object */ = {
			isa = PBXProject;
			attributes = {
				LastUpgradeCheck = 0610;
				ORGANIZATIONNAME = songzm;
				TargetAttributes = {
					E712809B1ADB75AB003ACF27 = {
						CreatedOnToolsVersion = 6.1.1;
					};
					E71280B41ADB75AC003ACF27 = {
						CreatedOnToolsVersion = 6.1.1;
						TestTargetID = E712809B1ADB75AB003ACF27;
					};
				};
			};
			buildConfigurationList = E71280971ADB75AB003ACF27 /* Build configuration list for PBXProject "MaimaiDemo" */;
			compatibilityVersion = "Xcode 3.2";
			developmentRegion = English;
			hasScannedForEncodings = 0;
			knownRegions = (
				en,
				Base,
			);
			mainGroup = E71280931ADB75AB003ACF27;
			productRefGroup = E712809D1ADB75AB003ACF27 /* Products */;
			projectDirPath = "";
			projectRoot = "";
			targets = (
				E712809B1ADB75AB003ACF27 /* MaimaiDemo */,
				E71280B41ADB75AC003ACF27 /* MaimaiDemoTests */,
			);
		};
/* End PBXProject section */

/* Begin PBXResourcesBuildPhase section */
		E712809A1ADB75AB003ACF27 /* Resources */ = {
			isa = PBXResourcesBuildPhase;
			buildActionMask = 2147483647;
			files = (
				E71280AB1ADB75AB003ACF27 /* Main.storyboard in Resources */,
				E71280B01ADB75AB003ACF27 /* LaunchScreen.xib in Resources */,
				E71280AD1ADB75AB003ACF27 /* Images.xcassets in Resources */,
				E71280D01ADB7692003ACF27 /* HomeViewController.xib in Resources */,
			);
			runOnlyForDeploymentPostprocessing = 0;
		};
		E71280B31ADB75AC003ACF27 /* Resources */ = {
			isa = PBXResourcesBuildPhase;
			buildActionMask = 2147483647;
			files = (
			);
			runOnlyForDeploymentPostprocessing = 0;
		};
/* End PBXResourcesBuildPhase section */

/* Begin PBXSourcesBuildPhase section */
		E71280981ADB75AB003ACF27 /* Sources */ = {
			isa = PBXSourcesBuildPhase;
			buildActionMask = 2147483647;
			files = (
				E71280A81ADB75AB003ACF27 /* ViewController.m in Sources */,
				E71280CA1ADB75D8003ACF27 /* STTweetLabel.m in Sources */,
				E71280CB1ADB75D8003ACF27 /* STTweetTextStorage.m in Sources */,
				E71280A51ADB75AB003ACF27 /* AppDelegate.m in Sources */,
				E71280A21ADB75AB003ACF27 /* main.m in Sources */,
				E71280CF1ADB7692003ACF27 /* HomeViewController.m in Sources */,
			);
			runOnlyForDeploymentPostprocessing = 0;
		};
		E71280B11ADB75AC003ACF27 /* Sources */ = {
			isa = PBXSourcesBuildPhase;
			buildActionMask = 2147483647;
			files = (
				E71280BC1ADB75AC003ACF27 /* MaimaiDemoTests.m in Sources */,
			);
			runOnlyForDeploymentPostprocessing = 0;
		};
/* End PBXSourcesBuildPhase section */

/* Begin PBXTargetDependency section */
		E71280B71ADB75AC003ACF27 /* PBXTargetDependency */ = {
			isa = PBXTargetDependency;
			target = E712809B1ADB75AB003ACF27 /* MaimaiDemo */;
			targetProxy = E71280B61ADB75AC003ACF27 /* PBXContainerItemProxy */;
		};
/* End PBXTargetDependency section */

/* Begin PBXVariantGroup section */
		E71280A91ADB75AB003ACF27 /* Main.storyboard */ = {
			isa = PBXVariantGroup;
			children = (
				E71280AA1ADB75AB003ACF27 /* Base */,
			);
			name = Main.storyboard;
			sourceTree = "<group>";
		};
		E71280AE1ADB75AB003ACF27 /* LaunchScreen.xib */ = {
			isa = PBXVariantGroup;
			children = (
				E71280AF1ADB75AB003ACF27 /* Base */,
			);
			name = LaunchScreen.xib;
			sourceTree = "<group>";
		};
/* End PBXVariantGroup section */

/* Begin XCBuildConfiguration section */
		E71280BD1ADB75AC003ACF27 /* Debug */ = {
			isa = XCBuildConfiguration;
			buildSettings = {
				ALWAYS_SEARCH_USER_PATHS = NO;
				CLANG_CXX_LANGUAGE_STANDARD = "gnu++0x";
				CLANG_CXX_LIBRARY = "libc++";
				CLANG_ENABLE_MODULES = YES;
				CLANG_ENABLE_OBJC_ARC = YES;
				CLANG_WARN_BOOL_CONVERSION = YES;
				CLANG_WARN_CONSTANT_CONVERSION = YES;
				CLANG_WARN_DIRECT_OBJC_ISA_USAGE = YES_ERROR;
				CLANG_WARN_EMPTY_BODY = YES;
				CLANG_WARN_ENUM_CONVERSION = YES;
				CLANG_WARN_INT_CONVERSION = YES;
				CLANG_WARN_OBJC_ROOT_CLASS = YES_ERROR;
				CLANG_WARN_UNREACHABLE_CODE = YES;
				CLANG_WARN__DUPLICATE_METHOD_MATCH = YES;
				"CODE_SIGN_IDENTITY[sdk=iphoneos*]" = "iPhone Developer";
				COPY_PHASE_STRIP = NO;
				ENABLE_STRICT_OBJC_MSGSEND = YES;
				GCC_C_LANGUAGE_STANDARD = gnu99;
				GCC_DYNAMIC_NO_PIC = NO;
				GCC_OPTIMIZATION_LEVEL = 0;
				GCC_PREPROCESSOR_DEFINITIONS = (
					"DEBUG=1",
					"$(inherited)",
				);
				GCC_SYMBOLS_PRIVATE_EXTERN = NO;
				GCC_WARN_64_TO_32_BIT_CONVERSION = YES;
				GCC_WARN_ABOUT_RETURN_TYPE = YES_ERROR;
				GCC_WARN_UNDECLARED_SELECTOR = YES;
				GCC_WARN_UNINITIALIZED_AUTOS = YES_AGGRESSIVE;
				GCC_WARN_UNUSED_FUNCTION = YES;
				GCC_WARN_UNUSED_VARIABLE = YES;
				IPHONEOS_DEPLOYMENT_TARGET = 8.1;
				MTL_ENABLE_DEBUG_INFO = YES;
				ONLY_ACTIVE_ARCH = YES;
				SDKROOT = iphoneos;
			};
			name = Debug;
		};
		E71280BE1ADB75AC003ACF27 /* Release */ = {
			isa = XCBuildConfiguration;
			buildSettings = {
				ALWAYS_SEARCH_USER_PATHS = NO;
				CLANG_CXX_LANGUAGE_STANDARD = "gnu++0x";
				CLANG_CXX_LIBRARY = "libc++";
				CLANG_ENABLE_MODULES = YES;
				CLANG_ENABLE_OBJC_ARC = YES;
				CLANG_WARN_BOOL_CONVERSION = YES;
				CLANG_WARN_CONSTANT_CONVERSION = YES;
				CLANG_WARN_DIRECT_OBJC_ISA_USAGE = YES_ERROR;
				CLANG_WARN_EMPTY_BODY = YES;
				CLANG_WARN_ENUM_CONVERSION = YES;
				CLANG_WARN_INT_CONVERSION = YES;
				CLANG_WARN_OBJC_ROOT_CLASS = YES_ERROR;
				CLANG_WARN_UNREACHABLE_CODE = YES;
				CLANG_WARN__DUPLICATE_METHOD_MATCH = YES;
				"CODE_SIGN_IDENTITY[sdk=iphoneos*]" = "iPhone Developer";
				COPY_PHASE_STRIP = YES;
				ENABLE_NS_ASSERTIONS = NO;
				ENABLE_STRICT_OBJC_MSGSEND = YES;
				GCC_C_LANGUAGE_STANDARD = gnu99;
				GCC_WARN_64_TO_32_BIT_CONVERSION = YES;
				GCC_WARN_ABOUT_RETURN_TYPE = YES_ERROR;
				GCC_WARN_UNDECLARED_SELECTOR = YES;
				GCC_WARN_UNINITIALIZED_AUTOS = YES_AGGRESSIVE;
				GCC_WARN_UNUSED_FUNCTION = YES;
				GCC_WARN_UNUSED_VARIABLE = YES;
				IPHONEOS_DEPLOYMENT_TARGET = 8.1;
				MTL_ENABLE_DEBUG_INFO = NO;
				SDKROOT = iphoneos;
				VALIDATE_PRODUCT = YES;
			};
			name = Release;
		};
		E71280C01ADB75AC003ACF27 /* Debug */ = {
			isa = XCBuildConfiguration;
			buildSettings = {
				ASSETCATALOG_COMPILER_APPICON_NAME = AppIcon;
				INFOPLIST_FILE = MaimaiDemo/Info.plist;
				LD_RUNPATH_SEARCH_PATHS = "$(inherited) @executable_path/Frameworks";
				PRODUCT_NAME = "$(TARGET_NAME)";
			};
			name = Debug;
		};
		E71280C11ADB75AC003ACF27 /* Release */ = {
			isa = XCBuildConfiguration;
			buildSettings = {
				ASSETCATALOG_COMPILER_APPICON_NAME = AppIcon;
				INFOPLIST_FILE = MaimaiDemo/Info.plist;
				LD_RUNPATH_SEARCH_PATHS = "$(inherited) @executable_path/Frameworks";
				PRODUCT_NAME = "$(TARGET_NAME)";
			};
			name = Release;
		};
		E71280C31ADB75AC003ACF27 /* Debug */ = {
			isa = XCBuildConfiguration;
			buildSettings = {
				BUNDLE_LOADER = "$(TEST_HOST)";
				FRAMEWORK_SEARCH_PATHS = (
					"$(SDKROOT)/Developer/Library/Frameworks",
					"$(inherited)",
				);
				GCC_PREPROCESSOR_DEFINITIONS = (
					"DEBUG=1",
					"$(inherited)",
				);
				INFOPLIST_FILE = MaimaiDemoTests/Info.plist;
				LD_RUNPATH_SEARCH_PATHS = "$(inherited) @executable_path/Frameworks @loader_path/Frameworks";
				PRODUCT_NAME = "$(TARGET_NAME)";
				TEST_HOST = "$(BUILT_PRODUCTS_DIR)/MaimaiDemo.app/MaimaiDemo";
			};
			name = Debug;
		};
		E71280C41ADB75AC003ACF27 /* Release */ = {
			isa = XCBuildConfiguration;
			buildSettings = {
				BUNDLE_LOADER = "$(TEST_HOST)";
				FRAMEWORK_SEARCH_PATHS = (
					"$(SDKROOT)/Developer/Library/Frameworks",
					"$(inherited)",
				);
				INFOPLIST_FILE = MaimaiDemoTests/Info.plist;
				LD_RUNPATH_SEARCH_PATHS = "$(inherited) @executable_path/Frameworks @loader_path/Frameworks";
				PRODUCT_NAME = "$(TARGET_NAME)";
				TEST_HOST = "$(BUILT_PRODUCTS_DIR)/MaimaiDemo.app/MaimaiDemo";
			};
			name = Release;
		};
/* End XCBuildConfiguration section */

/* Begin XCConfigurationList section */
		E71280971ADB75AB003ACF27 /* Build configuration list for PBXProject "MaimaiDemo" */ = {
			isa = XCConfigurationList;
			buildConfigurations = (
				E71280BD1ADB75AC003ACF27 /* Debug */,
				E71280BE1ADB75AC003ACF27 /* Release */,
			);
			defaultConfigurationIsVisible = 0;
			defaultConfigurationName = Release;
		};
		E71280BF1ADB75AC003ACF27 /* Build configuration list for PBXNativeTarget "MaimaiDemo" */ = {
			isa = XCConfigurationList;
			buildConfigurations = (
				E71280C01ADB75AC003ACF27 /* Debug */,
				E71280C11ADB75AC003ACF27 /* Release */,
			);
			defaultConfigurationIsVisible = 0;
		};
		E71280C21ADB75AC003ACF27 /* Build configuration list for PBXNativeTarget "MaimaiDemoTests" */ = {
			isa = XCConfigurationList;
			buildConfigurations = (
				E71280C31ADB75AC003ACF27 /* Debug */,
				E71280C41ADB75AC003ACF27 /* Release */,
			);
			defaultConfigurationIsVisible = 0;
		};
/* End XCConfigurationList section */
	};
	rootObject = E71280941ADB75AB003ACF27 /* Project object */;
}
